
Microsoft Visual Studio Solution File, Format Version 12.00
# Visual Studio Version 17
VisualStudioVersion = 17.7.34018.315
MinimumVisualStudioVersion = 10.0.40219.1
Project("{FAE04EC0-301F-11D3-BF4B-00C04F79EFBC}") = "CurrencyConvertor", "CurrencyConvertor.csproj", "{BFDC64A0-64DF-4ECC-92A8-C36FAD003FAA}"
EndProject
Global
	GlobalSection(SolutionConfigurationPlatforms) = preSolution
		Debug|Any CPU = Debug|Any CPU
		Release|Any CPU = Release|Any CPU
	EndGlobalSection
	GlobalSection(ProjectConfigurationPlatforms) = postSolution
		{BFDC64A0-64DF-4ECC-92A8-C36FAD003FAA}.Debug|Any CPU.ActiveCfg = Debug|Any CPU
		{BFDC64A0-64DF-4ECC-92A8-C36FAD003FAA}.Debug|Any CPU.Build.0 = Debug|Any CPU
		{BFDC64A0-64DF-4ECC-92A8-C36FAD003FAA}.Release|Any CPU.ActiveCfg = Release|Any CPU
		{BFDC64A0-64DF-4ECC-92A8-C36FAD003FAA}.Release|Any CPU.Build.0 = Release|Any CPU
	EndGlobalSection
	GlobalSection(SolutionProperties) = preSolution
		HideSolutionNode = FALSE
	EndGlobalSection
	GlobalSection(ExtensibilityGlobals) = postSolution
		SolutionGuid = {B61AC90E-43B0-4F8B-AC49-D7DFCC74225E}
	EndGlobalSection
EndGlobal
